
Microsoft Visual Studio Solution File, Format Version 12.00
# Visual Studio Version 16
VisualStudioVersion = 16.0.810.2
MinimumVisualStudioVersion = 10.0.40219.1
Project("{FAE04EC0-301F-11D3-BF4B-00C04F79EFBC}") = "BookStore-API", "BookStore-API\BookStore-API.csproj", "{131F1750-9BE4-41E1-84DD-7B6CC13CC97F}"
EndProject
Global
	GlobalSection(SolutionConfigurationPlatforms) = preSolution
		Debug|Any CPU = Debug|Any CPU
		Release|Any CPU = Release|Any CPU
	EndGlobalSection
	GlobalSection(ProjectConfigurationPlatforms) = postSolution
		{131F1750-9BE4-41E1-84DD-7B6CC13CC97F}.Debug|Any CPU.ActiveCfg = Debug|Any CPU
		{131F1750-9BE4-41E1-84DD-7B6CC13CC97F}.Debug|Any CPU.Build.0 = Debug|Any CPU
		{131F1750-9BE4-41E1-84DD-7B6CC13CC97F}.Release|Any CPU.ActiveCfg = Release|Any CPU
		{131F1750-9BE4-41E1-84DD-7B6CC13CC97F}.Release|Any CPU.Build.0 = Release|Any CPU
	EndGlobalSection
	GlobalSection(SolutionProperties) = preSolution
		HideSolutionNode = FALSE
	EndGlobalSection
	GlobalSection(ExtensibilityGlobals) = postSolution
		SolutionGuid = {3EC5E439-B50C-416A-AD1E-8FAC368243A6}
	EndGlobalSection
EndGlobal
